
Microsoft Visual Studio Solution File, Format Version 11.00
# Visual Studio 2010
Project("{FAE04EC0-301F-11D3-BF4B-00C04F79EFBC}") = "Assembly-CSharp", "Assembly-CSharp.csproj", "{303d3d53-9b71-5fcd-ec57-40c2e871123e}"
EndProject
Project("{FAE04EC0-301F-11D3-BF4B-00C04F79EFBC}") = "Assembly-CSharp-firstpass", "Assembly-CSharp-firstpass.csproj", "{ddfc0de1-af16-f849-cfe4-0e0ec205b154}"
EndProject
Global
	GlobalSection(SolutionConfigurationPlatforms) = preSolution
		Debug|Any CPU = Debug|Any CPU
	EndGlobalSection
	GlobalSection(ProjectConfigurationPlatforms) = postSolution
		{303d3d53-9b71-5fcd-ec57-40c2e871123e}.Debug|Any CPU.ActiveCfg = Debug|Any CPU
		{303d3d53-9b71-5fcd-ec57-40c2e871123e}.Debug|Any CPU.Build.0 = Debug|Any CPU
		{ddfc0de1-af16-f849-cfe4-0e0ec205b154}.Debug|Any CPU.ActiveCfg = Debug|Any CPU
		{ddfc0de1-af16-f849-cfe4-0e0ec205b154}.Debug|Any CPU.Build.0 = Debug|Any CPU
	EndGlobalSection
	GlobalSection(SolutionProperties) = preSolution
		HideSolutionNode = FALSE
	EndGlobalSection
EndGlobal
